# This file is automatically @generated by Cargo.
# It is not intended for manual editing.
version = 4

[[package]]
name = "arrayvec"
version = "0.7.8"
source = "registry+https://github.com/rust-lang/crates.io-index"
checksum = "d3fb67a6e08acf24fdeccbac2cb6ac4305825bd1f117462e0e6f2f193345ad56"

[[package]]
name = "bitflags"
version = "2.13.1"
source = "registry+https://github.com/rust-lang/crates.io-index"
checksum = "b588b76d00fde79687d7646a9b5bdf3cc0f655e0bbd080335a95d7e96f3587da"

[[package]]
name = "bootstrap"
version = "0.0.0"
dependencies = [
 "arrayvec",
 "hashbrown",
 "libredox",
 "linked_list_allocator",
 "log",
 "plain",
 "redox-initfs",
 "redox-path",
 "redox-rt",
 "redox-scheme",
 "redox_syscall",
 "slab",
]

[[package]]
name = "foldhash"
version = "0.1.5"
source = "registry+https://github.com/rust-lang/crates.io-index"
checksum = "d9c4f5dac5e15c24eb999c26181a6ca40b39fe946cbe4c263c7209467bc83af2"

[[package]]
name = "generic-rt"
version = "0.1.0"
source = "git+https://gitlab.redox-os.org/redox-os/relibc.git#418033b92b592ce637923eedad1eb8d2c9fc6bb9"

[[package]]
name = "goblin"
version = "0.10.7"
source = "registry+https://github.com/rust-lang/crates.io-index"
checksum = "17582616a7718cca54cec18e534a76c7c4aec11a8b9a85695712f262fd15a4c8"
dependencies = [
 "log",
 "plain",
 "scroll",
]

[[package]]
name = "hashbrown"
version = "0.15.5"
source = "registry+https://github.com/rust-lang/crates.io-index"
checksum = "9229cfe53dfd69f0609a49f65461bd93001ea1ef889cd5529dd176593f5338a1"
dependencies = [
 "foldhash",
]

[[package]]
name = "ioslice"
version = "0.6.0"
source = "registry+https://github.com/rust-lang/crates.io-index"
checksum = "5e571352c8a3b89074d12e3ee5173ffe162159105352aaaf1fc5764da747e31b"

[[package]]
name = "libc"
version = "0.2.189"
source = "registry+https://github.com/rust-lang/crates.io-index"
checksum = "3eaf3ede3fee6db1a4c2ee091bf8a8b4dccdc6d17f656fb07896ee72867612f2"

[[package]]
name = "libredox"
version = "0.1.23"
source = "registry+https://github.com/rust-lang/crates.io-index"
checksum = "8d8f1ea3f21fd3405dcaf6c9b5c1630af9afc422d9073ea39c5f6d6c772e08ed"
dependencies = [
 "bitflags",
 "libc",
 "plain",
 "redox_syscall",
]

[[package]]
name = "linked_list_allocator"
version = "0.10.6"
source = "registry+https://github.com/rust-lang/crates.io-index"
checksum = "2b23ac50abb8261cb38c6e2a7192d3302e0836dac1628f6a93b82b4fad185897"
dependencies = [
 "spinning_top",
]

[[package]]
name = "lock_api"
version = "0.4.14"
source = "registry+https://github.com/rust-lang/crates.io-index"
checksum = "224399e74b87b5f3557511d98dff8b14089b3dadafcab6bb93eab67d3aace965"
dependencies = [
 "scopeguard",
]

[[package]]
name = "log"
version = "0.4.34"
source = "registry+https://github.com/rust-lang/crates.io-index"
checksum = "f9f8bd3e56ce4dfc153cf470fffbfa98c7620958b312ca5c3a4b8d5181fd13c6"

[[package]]
name = "plain"
version = "0.2.3"
source = "registry+https://github.com/rust-lang/crates.io-index"
checksum = "b4596b6d070b27117e987119b4dac604f3c58cfb0b191112e24771b2faeac1a6"

[[package]]
name = "proc-macro2"
version = "1.0.107"
source = "registry+https://github.com/rust-lang/crates.io-index"
checksum = "985e7ec9bb745e6ce6535b544d84d6cd6f7ad8bd711c398938ae983b91a766d9"
dependencies = [
 "unicode-ident",
]

[[package]]
name = "quote"
version = "1.0.47"
source = "registry+https://github.com/rust-lang/crates.io-index"
checksum = "1fbf4db142a473a8d80c26bbf18454ed458bf8d26c8219c331daecfdbd079001"
dependencies = [
 "proc-macro2",
]

[[package]]
name = "redox-initfs"
version = "0.2.0"
dependencies = [
 "plain",
]

[[package]]
name = "redox-path"
version = "0.4.1"
source = "registry+https://github.com/rust-lang/crates.io-index"
checksum = "083c57139a99303d842a4cfe1f0fd6483d77d81eda1442be84bcb1a0f737ed96"

[[package]]
name = "redox-rt"
version = "0.1.0"
source = "git+https://gitlab.redox-os.org/redox-os/relibc.git#418033b92b592ce637923eedad1eb8d2c9fc6bb9"
dependencies = [
 "bitflags",
 "generic-rt",
 "goblin",
 "ioslice",
 "libredox",
 "plain",
 "redox-path",
 "redox_syscall",
]

[[package]]
name = "redox-scheme"
version = "0.11.4"
source = "registry+https://github.com/rust-lang/crates.io-index"
checksum = "aee42bf75b05941289e47373f24b4bce194a49d5eb5c99d7e0f82ab15c62e800"
dependencies = [
 "libredox",
 "redox_syscall",
]

[[package]]
name = "redox_syscall"
version = "0.9.4"
source = "git+https://gitlab.redox-os.org/redox-os/kernel/#ec70cf9b8e58dd9e57b4bbd279e661bebcd344c6"
dependencies = [
 "bitflags",
]

[[package]]
name = "scopeguard"
version = "1.2.0"
source = "registry+https://github.com/rust-lang/crates.io-index"
checksum = "94143f37725109f92c262ed2cf5e59bce7498c01bcc1502d7b9afe439a4e9f49"

[[package]]
name = "scroll"
version = "0.13.0"
source = "registry+https://github.com/rust-lang/crates.io-index"
checksum = "c1257cd4248b4132760d6524d6dda4e053bc648c9070b960929bf50cfb1e7add"
dependencies = [
 "scroll_derive",
]

[[package]]
name = "scroll_derive"
version = "0.13.2"
source = "registry+https://github.com/rust-lang/crates.io-index"
checksum = "e1a36a382ed65dbcc0ab47fd5e9a94112417ccd34560a392ef3b7b0f0ec39148"
dependencies = [
 "proc-macro2",
 "quote",
 "syn",
]

[[package]]
name = "slab"
version = "0.4.12"
source = "registry+https://github.com/rust-lang/crates.io-index"
checksum = "0c790de23124f9ab44544d7ac05d60440adc586479ce501c1d6d7da3cd8c9cf5"

[[package]]
name = "spinning_top"
version = "0.2.5"
source = "registry+https://github.com/rust-lang/crates.io-index"
checksum = "5b9eb1a2f4c41445a3a0ff9abc5221c5fcd28e1f13cd7c0397706f9ac938ddb0"
dependencies = [
 "lock_api",
]

[[package]]
name = "syn"
version = "3.0.5"
source = "registry+https://github.com/rust-lang/crates.io-index"
checksum = "12df2e0110f65b775f769bb17ef989067a1d931b2eb822bd4346631eeada89f9"
dependencies = [
 "proc-macro2",
 "quote",
 "unicode-ident",
]

[[package]]
name = "unicode-ident"
version = "1.0.24"
source = "registry+https://github.com/rust-lang/crates.io-index"
checksum = "e6e4313cd5fcd3dad5cafa179702e2b244f760991f45397d14d4ebf38247da75"
